
Microsoft Visual Studio Solution File, Format Version 12.00
# Visual Studio Version 17
VisualStudioVersion = 17.14.36623.8
MinimumVisualStudioVersion = 10.0.40219.1
Project("{FAE04EC0-301F-11D3-BF4B-00C04F79EFBC}") = "Fase5", "Fase5.csproj", "{BD335F77-DAC2-4718-BF3D-9BB6100A35D4}"
EndProject
Project("{FAE04EC0-301F-11D3-BF4B-00C04F79EFBC}") = "TestesUnitarios", "..\TestesUnitarios\TestesUnitarios.csproj", "{B36B2B83-9020-407D-93B0-6655EDA93F63}"
EndProject
Global
	GlobalSection(SolutionConfigurationPlatforms) = preSolution
		Debug|Any CPU = Debug|Any CPU
		Release|Any CPU = Release|Any CPU
	EndGlobalSection
	GlobalSection(ProjectConfigurationPlatforms) = postSolution
		{BD335F77-DAC2-4718-BF3D-9BB6100A35D4}.Debug|Any CPU.ActiveCfg = Debug|Any CPU
		{BD335F77-DAC2-4718-BF3D-9BB6100A35D4}.Debug|Any CPU.Build.0 = Debug|Any CPU
		{BD335F77-DAC2-4718-BF3D-9BB6100A35D4}.Release|Any CPU.ActiveCfg = Release|Any CPU
		{BD335F77-DAC2-4718-BF3D-9BB6100A35D4}.Release|Any CPU.Build.0 = Release|Any CPU
		{B36B2B83-9020-407D-93B0-6655EDA93F63}.Debug|Any CPU.ActiveCfg = Debug|Any CPU
		{B36B2B83-9020-407D-93B0-6655EDA93F63}.Debug|Any CPU.Build.0 = Debug|Any CPU
		{B36B2B83-9020-407D-93B0-6655EDA93F63}.Release|Any CPU.ActiveCfg = Release|Any CPU
		{B36B2B83-9020-407D-93B0-6655EDA93F63}.Release|Any CPU.Build.0 = Release|Any CPU
	EndGlobalSection
	GlobalSection(SolutionProperties) = preSolution
		HideSolutionNode = FALSE
	EndGlobalSection
	GlobalSection(ExtensibilityGlobals) = postSolution
		SolutionGuid = {CF44C883-07A2-4AB2-B158-08157F0C45B5}
	EndGlobalSection
EndGlobal
